
Microsoft Visual Studio Solution File, Format Version 12.00
# Visual Studio Version 16
VisualStudioVersion = 16.0.28803.352
MinimumVisualStudioVersion = 10.0.40219.1
Project("{9A19103F-16F7-4668-BE54-9A1E7A4F7556}") = "GradeBook", "GradeBook\GradeBook.csproj", "{CE098FE5-CE80-4F8C-848F-4727B12F92BD}"
EndProject
Project("{9A19103F-16F7-4668-BE54-9A1E7A4F7556}") = "GradeBook.Tests", "GradeBook.Tests\GradeBook.Tests.csproj", "{5DD23D77-0D97-4851-BB93-62696310D1F9}"
EndProject
Project("{FAE04EC0-301F-11D3-BF4B-00C04F79EFBC}") = "SRI.Test", "SRI.Test\SRI.Test.csproj", "{8EF67B7E-E6CD-47F1-9584-B5154EA218DB}"
EndProject
Project("{FAE04EC0-301F-11D3-BF4B-00C04F79EFBC}") = "Sri.BL", "Sri.BL\Sri.BL.csproj", "{1FBE90B2-32BB-48FD-8F48-63DEBD9D8C56}"
EndProject
Global
	GlobalSection(SolutionConfigurationPlatforms) = preSolution
		Debug|Any CPU = Debug|Any CPU
		Release|Any CPU = Release|Any CPU
	EndGlobalSection
	GlobalSection(ProjectConfigurationPlatforms) = postSolution
		{CE098FE5-CE80-4F8C-848F-4727B12F92BD}.Debug|Any CPU.ActiveCfg = Debug|Any CPU
		{CE098FE5-CE80-4F8C-848F-4727B12F92BD}.Debug|Any CPU.Build.0 = Debug|Any CPU
		{CE098FE5-CE80-4F8C-848F-4727B12F92BD}.Release|Any CPU.ActiveCfg = Release|Any CPU
		{CE098FE5-CE80-4F8C-848F-4727B12F92BD}.Release|Any CPU.Build.0 = Release|Any CPU
		{5DD23D77-0D97-4851-BB93-62696310D1F9}.Debug|Any CPU.ActiveCfg = Debug|Any CPU
		{5DD23D77-0D97-4851-BB93-62696310D1F9}.Debug|Any CPU.Build.0 = Debug|Any CPU
		{5DD23D77-0D97-4851-BB93-62696310D1F9}.Release|Any CPU.ActiveCfg = Release|Any CPU
		{5DD23D77-0D97-4851-BB93-62696310D1F9}.Release|Any CPU.Build.0 = Release|Any CPU
		{8EF67B7E-E6CD-47F1-9584-B5154EA218DB}.Debug|Any CPU.ActiveCfg = Debug|Any CPU
		{8EF67B7E-E6CD-47F1-9584-B5154EA218DB}.Debug|Any CPU.Build.0 = Debug|Any CPU
		{8EF67B7E-E6CD-47F1-9584-B5154EA218DB}.Release|Any CPU.ActiveCfg = Release|Any CPU
		{8EF67B7E-E6CD-47F1-9584-B5154EA218DB}.Release|Any CPU.Build.0 = Release|Any CPU
		{1FBE90B2-32BB-48FD-8F48-63DEBD9D8C56}.Debug|Any CPU.ActiveCfg = Debug|Any CPU
		{1FBE90B2-32BB-48FD-8F48-63DEBD9D8C56}.Debug|Any CPU.Build.0 = Debug|Any CPU
		{1FBE90B2-32BB-48FD-8F48-63DEBD9D8C56}.Release|Any CPU.ActiveCfg = Release|Any CPU
		{1FBE90B2-32BB-48FD-8F48-63DEBD9D8C56}.Release|Any CPU.Build.0 = Release|Any CPU
	EndGlobalSection
	GlobalSection(SolutionProperties) = preSolution
		HideSolutionNode = FALSE
	EndGlobalSection
	GlobalSection(ExtensibilityGlobals) = postSolution
		SolutionGuid = {9E12B855-A9D0-44BE-B7D2-28CA1F6C46FE}
	EndGlobalSection
EndGlobal
